dependencies:
  espressif/esp_websocket_client:
    component_hash: 3fb288702517ef4d75bf933a115f1056ee0c2540d964f9e1d856e0bb67e1dfeb
    dependencies:
    - name: idf
      require: private
      version: '>=5.0'
    source:
      registry_url: https://components.espressif.com/
      type: service
    version: 1.7.0
  idf:
    source:
      type: idf
    version: 5.5.1
direct_dependencies:
- espressif/esp_websocket_client
manifest_hash: 9ec85ee1dddeb7a64be10dd0bd9ac6fce0faf4a3c04e0fb13d6123fa3e9c457e
target: esp32
version: 2.0.0
